
Microsoft Visual Studio Solution File, Format Version 12.00
# Visual Studio Version 16
VisualStudioVersion = 16.0.31321.278
MinimumVisualStudioVersion = 10.0.40219.1
Project("{FAE04EC0-301F-11D3-BF4B-00C04F79EFBC}") = "Notes.Models", "NotesModels\Notes.Models.csproj", "{D17E8910-46BE-4AF5-BD21-04E961520501}"
EndProject
Project("{FAE04EC0-301F-11D3-BF4B-00C04F79EFBC}") = "Notes.Controllers", "NotesCotrollers\Notes.Controllers.csproj", "{AFAF4384-BD4C-4F47-9226-39CE030FE952}"
EndProject
Project("{FAE04EC0-301F-11D3-BF4B-00C04F79EFBC}") = "Notes", "Notes\Notes.csproj", "{A7858755-8EF3-4539-9598-8591E63978AB}"
EndProject
Global
	GlobalSection(SolutionConfigurationPlatforms) = preSolution
		Debug|Any CPU = Debug|Any CPU
		Release|Any CPU = Release|Any CPU
	EndGlobalSection
	GlobalSection(ProjectConfigurationPlatforms) = postSolution
		{D17E8910-46BE-4AF5-BD21-04E961520501}.Debug|Any CPU.ActiveCfg = Debug|Any CPU
		{D17E8910-46BE-4AF5-BD21-04E961520501}.Debug|Any CPU.Build.0 = Debug|Any CPU
		{D17E8910-46BE-4AF5-BD21-04E961520501}.Release|Any CPU.ActiveCfg = Release|Any CPU
		{D17E8910-46BE-4AF5-BD21-04E961520501}.Release|Any CPU.Build.0 = Release|Any CPU
		{AFAF4384-BD4C-4F47-9226-39CE030FE952}.Debug|Any CPU.ActiveCfg = Debug|Any CPU
		{AFAF4384-BD4C-4F47-9226-39CE030FE952}.Debug|Any CPU.Build.0 = Debug|Any CPU
		{AFAF4384-BD4C-4F47-9226-39CE030FE952}.Release|Any CPU.ActiveCfg = Release|Any CPU
		{AFAF4384-BD4C-4F47-9226-39CE030FE952}.Release|Any CPU.Build.0 = Release|Any CPU
		{A7858755-8EF3-4539-9598-8591E63978AB}.Debug|Any CPU.ActiveCfg = Debug|Any CPU
		{A7858755-8EF3-4539-9598-8591E63978AB}.Debug|Any CPU.Build.0 = Debug|Any CPU
		{A7858755-8EF3-4539-9598-8591E63978AB}.Release|Any CPU.ActiveCfg = Release|Any CPU
		{A7858755-8EF3-4539-9598-8591E63978AB}.Release|Any CPU.Build.0 = Release|Any CPU
	EndGlobalSection
	GlobalSection(SolutionProperties) = preSolution
		HideSolutionNode = FALSE
	EndGlobalSection
	GlobalSection(ExtensibilityGlobals) = postSolution
		SolutionGuid = {9E6EB5D0-F6AE-42EA-BED4-6AE283A20582}
	EndGlobalSection
EndGlobal
